# @generated by Move, please check-in and do not edit manually.

[move]
version = 3
manifest_digest = "290D4E723D81F38256B3E35583121555C23E1B29560B030C8121A88893DC4F72"
deps_digest = "3C4103934B1E040BB6B23F1D610B4EF9F2F1166A50A104EADCF77467C004C600"
dependencies = [
  { id = "Sui", name = "Sui" },
  { id = "suins", name = "suins" },
]

[[move.package]]
id = "MoveStdlib"
source = { git = "https://github.com/MystenLabs/sui.git", rev = "framework/mainnet", subdir = "crates/sui-framework/packages/move-stdlib" }

[[move.package]]
id = "Sui"
source = { git = "https://github.com/MystenLabs/sui.git", rev = "framework/mainnet", subdir = "crates/sui-framework/packages/sui-framework" }

dependencies = [
  { id = "MoveStdlib", name = "MoveStdlib" },
]

[[move.package]]
id = "suins"
source = { git = "https://github.com/MystenLabs/suins-contracts.git", rev = "main", subdir = "packages/suins" }

dependencies = [
  { id = "Sui", name = "Sui" },
]

[move.toolchain-version]
compiler-version = "1.47.0"
edition = "2024.beta"
flavor = "sui"

[env]

[env.localnet]
chain-id = "bc50ce43"
original-published-id = "0x5e5367902b2ef2cbbfc39f3dc829eb14f31f4db58bb05133086f2c34c871e354"
latest-published-id = "0x5e5367902b2ef2cbbfc39f3dc829eb14f31f4db58bb05133086f2c34c871e354"
published-version = "1"

[env.testnet]
chain-id = "4c78adac"
original-published-id = "0xcde8c1552311e8d5bc4d685afeb9129d3ff70f0c6099270a24dd84d3f9e5d35f"
latest-published-id = "0xcde8c1552311e8d5bc4d685afeb9129d3ff70f0c6099270a24dd84d3f9e5d35f"
published-version = "1"
